# This file is automatically @generated by Poetry 1.8.3 and should not be changed by hand.

[[package]]
name = "black"
version = "23.12.1"
description = "The uncompromising code formatter."
optional = false
python-versions = ">=3.8"
files = [
    {file = "black-23.12.1-cp310-cp310-macosx_10_9_x86_64.whl", hash = "sha256:e0aaf6041986767a5e0ce663c7a2f0e9eaf21e6ff87a5f95cbf3675bfd4c41d2"},
    {file = "black-23.12.1-cp310-cp310-macosx_11_0_arm64.whl", hash = "sha256:c88b3711d12905b74206227109272673edce0cb29f27e1385f33b0163c414bba"},
    {file = "black-23.12.1-cp310-cp310-manylinux_2_17_x86_64.manylinux2014_x86_64.whl", hash = "sha256:a920b569dc6b3472513ba6ddea21f440d4b4c699494d2e972a1753cdc25df7b0"},
    {file = "black-23.12.1-cp310-cp310-win_amd64.whl", hash = "sha256:3fa4be75ef2a6b96ea8d92b1587dd8cb3a35c7e3d51f0738ced0781c3aa3a5a3"},
    {file = "black-23.12.1-cp311-cp311-macosx_10_9_x86_64.whl", hash = "sha256:8d4df77958a622f9b5a4c96edb4b8c0034f8434032ab11077ec6c56ae9f384ba"},
    {file = "black-23.12.1-cp311-cp311-macosx_11_0_arm64.whl", hash = "sha256:602cfb1196dc692424c70b6507593a2b29aac0547c1be9a1d1365f0d964c353b"},
    {file = "black-23.12.1-cp311-cp311-manylinux_2_17_x86_64.manylinux2014_x86_64.whl", hash = "sha256:9c4352800f14be5b4864016882cdba10755bd50805c95f728011bcb47a4afd59"},
    {file = "black-23.12.1-cp311-cp311-win_amd64.whl", hash = "sha256:0808494f2b2df923ffc5723ed3c7b096bd76341f6213989759287611e9837d50"},
    {file = "black-23.12.1-cp312-cp312-macosx_10_9_x86_64.whl", hash = "sha256:25e57fd232a6d6ff3f4478a6fd0580838e47c93c83eaf1ccc92d4faf27112c4e"},
    {file = "black-23.12.1-cp312-cp312-macosx_11_0_arm64.whl", hash = "sha256:2d9e13db441c509a3763a7a3d9a49ccc1b4e974a47be4e08ade2a228876500ec"},
    {file = "black-23.12.1-cp312-cp312-manylinux_2_17_x86_64.manylinux2014_x86_64.whl", hash = "sha256:6d1bd9c210f8b109b1762ec9fd36592fdd528485aadb3f5849b2740ef17e674e"},
    {file = "black-23.12.1-cp312-cp312-win_amd64.whl", hash = "sha256:ae76c22bde5cbb6bfd211ec343ded2163bba7883c7bc77f6b756a1049436fbb9"},
    {file = "black-23.12.1-cp38-cp38-macosx_10_9_x86_64.whl", hash = "sha256:1fa88a0f74e50e4487477bc0bb900c6781dbddfdfa32691e780bf854c3b4a47f"},
    {file = "black-23.12.1-cp38-cp38-macosx_11_0_arm64.whl", hash = "sha256:a4d6a9668e45ad99d2f8ec70d5c8c04ef4f32f648ef39048d010b0689832ec6d"},
    {file = "black-23.12.1-cp38-cp38-manylinux_2_17_x86_64.manylinux2014_x86_64.whl", hash = "sha256:b18fb2ae6c4bb63eebe5be6bd869ba2f14fd0259bda7d18a46b764d8fb86298a"},
    {file = "black-23.12.1-cp38-cp38-win_amd64.whl", hash = "sha256:c04b6d9d20e9c13f43eee8ea87d44156b8505ca8a3c878773f68b4e4812a421e"},
    {file = "black-23.12.1-cp39-cp39-macosx_10_9_x86_64.whl", hash = "sha256:3e1b38b3135fd4c025c28c55ddfc236b05af657828a8a6abe5deec419a0b7055"},
    {file = "black-23.12.1-cp39-cp39-macosx_11_0_arm64.whl", hash = "sha256:4f0031eaa7b921db76decd73636ef3a12c942ed367d8c3841a0739412b260a54"},
    {file = "black-23.12.1-cp39-cp39-manylinux_2_17_x86_64.manylinux2014_x86_64.whl", hash = "sha256:97e56155c6b737854e60a9ab1c598ff2533d57e7506d97af5481141671abf3ea"},
    {file = "black-23.12.1-cp39-cp39-win_amd64.whl", hash = "sha256:dd15245c8b68fe2b6bd0f32c1556509d11bb33aec9b5d0866dd8e2ed3dba09c2"},
    {file = "black-23.12.1-py3-none-any.whl", hash = "sha256:78baad24af0f033958cad29731e27363183e140962595def56423e626f4bee3e"},
    {file = "black-23.12.1.tar.gz", hash = "sha256:4ce3ef14ebe8d9509188014d96af1c456a910d5b5cbf434a09fef7e024b3d0d5"},
]

[package.dependencies]
click = ">=8.0.0"
mypy-extensions = ">=0.4.3"
packaging = ">=22.0"
pathspec = ">=0.9.0"
platformdirs = ">=2"
tomli = {version = ">=1.1.0", markers = "python_version < \"3.11\""}
typing-extensions = {version = ">=4.0.1", markers = "python_version < \"3.11\""}

[package.extras]
colorama = ["colorama (>=0.4.3)"]
d = ["aiohttp (>=3.7.4)", "aiohttp (>=3.7.4,!=3.9.0)"]
jupyter = ["ipython (>=7.8.0)", "tokenize-rt (>=3.2.0)"]
uvloop = ["uvloop (>=0.15.2)"]

[[package]]
name = "classify-imports"
version = "4.2.0"
description = "Utilities for refactoring imports in python-like syntax."
optional = false
python-versions = ">=3.7"
files = [
    {file = "classify_imports-4.2.0-py2.py3-none-any.whl", hash = "sha256:dbbc264b70a470ed8c6c95976a11dfb8b7f63df44ed1af87328bbed2663f5161"},
    {file = "classify_imports-4.2.0.tar.gz", hash = "sha256:7abfb7ea92149b29d046bd34573d247ba6e68cc28100c801eba4af17964fc40e"},
]

[[package]]
name = "click"
version = "8.1.8"
description = "Composable command line interface toolkit"
optional = false
python-versions = ">=3.7"
files = [
    {file = "click-8.1.8-py3-none-any.whl", hash = "sha256:63c132bbbed01578a06712a2d1f497bb62d9c1c0d329b7903a866228027263b2"},
    {file = "click-8.1.8.tar.gz", hash = "sha256:ed53c9d8990d83c2a27deae68e4ee337473f6330c040a31d4225c9574d16096a"},
]

[package.dependencies]
colorama = {version = "*", markers = "platform_system == \"Windows\""}

[[package]]
name = "colorama"
version = "0.4.6"
description = "Cross-platform colored terminal text."
optional = false
python-versions = "!=3.0.*,!=3.1.*,!=3.2.*,!=3.3.*,!=3.4.*,!=3.5.*,!=3.6.*,>=2.7"
files = [
    {file = "colorama-0.4.6-py2.py3-none-any.whl", hash = "sha256:4f1d9991f5acc0ca119f9d443620b77f9d6b33703e51011c16baf57afb285fc6"},
    {file = "colorama-0.4.6.tar.gz", hash = "sha256:08695f5cb7ed6e0531a20572697297273c47b8cae5a63ffc6d6ed5c201be6e44"},
]

[[package]]
name = "coverage"
version = "7.6.11"
description = "Code coverage measurement for Python"
optional = false
python-versions = ">=3.9"
files = [
    {file = "coverage-7.6.11-cp310-cp310-macosx_10_9_x86_64.whl", hash = "sha256:eafea49da254a8289bed3fab960f808b322eda5577cb17a3733014928bbfbebd"},
    {file = "coverage-7.6.11-cp310-cp310-macosx_11_0_arm64.whl", hash = "sha256:5a3f7cbbcb4ad95067a6525f83a6fc78d9cbc1e70f8abaeeaeaa72ef34f48fc3"},
    {file = "coverage-7.6.11-cp310-cp310-manylinux_2_17_aarch64.manylinux2014_aarch64.whl", hash = "sha256:de6b079b39246a7da9a40cfa62d5766bd52b4b7a88cf5a82ec4c45bf6e152306"},
    {file = "coverage-7.6.11-cp310-cp310-manylinux_2_5_i686.manylinux1_i686.manylinux_2_17_i686.manylinux2014_i686.whl", hash = "sha256:60d4ad09dfc8c36c4910685faafcb8044c84e4dae302e86c585b3e2e7778726c"},
    {file = "coverage-7.6.11-cp310-cp310-manylinux_2_5_x86_64.manylinux1_x86_64.manylinux_2_17_x86_64.manylinux2014_x86_64.whl", hash = "sha256:8e433b6e3a834a43dae2889adc125f3fa4c66668df420d8e49bc4ee817dd7a70"},
    {file = "coverage-7.6.11-cp310-cp310-musllinux_1_2_aarch64.whl", hash = "sha256:ac5d92e2cc121a13270697e4cb37e1eb4511ac01d23fe1b6c097facc3b46489e"},
    {file = "coverage-7.6.11-cp310-cp310-musllinux_1_2_i686.whl", hash = "sha256:5128f3ba694c0a1bde55fc480090392c336236c3e1a10dad40dc1ab17c7675ff"},
    {file = "coverage-7.6.11-cp310-cp310-musllinux_1_2_x86_64.whl", hash = "sha256:397489c611b76302dfa1d9ea079e138dddc4af80fc6819d5f5119ec8ca6c0e47"},
    {file = "coverage-7.6.11-cp310-cp310-win32.whl", hash = "sha256:c7719a5e1dc93883a6b319bc0374ecd46fb6091ed659f3fbe281ab991634b9b0"},
    {file = "coverage-7.6.11-cp310-cp310-win_amd64.whl", hash = "sha256:c27df03730059118b8a923cfc8b84b7e9976742560af528242f201880879c1da"},
    {file = "coverage-7.6.11-cp311-cp311-macosx_10_9_x86_64.whl", hash = "sha256:532fe139691af134aa8b54ed60dd3c806aa81312d93693bd2883c7b61592c840"},
    {file = "coverage-7.6.11-cp311-cp311-macosx_11_0_arm64.whl", hash = "sha256:e0b0f272901a5172090c0802053fbc503cdc3fa2612720d2669a98a7384a7bec"},
    {file = "coverage-7.6.11-cp311-cp311-manylinux_2_5_i686.manylinux1_i686.manylinux_2_17_i686.manylinux2014_i686.whl", hash = "sha256:4bda710139ea646890d1c000feb533caff86904a0e0638f85e967c28cb8eec50"},
    {file = "coverage-7.6.11-cp311-cp311-manylinux_2_5_x86_64.manylinux1_x86_64.manylinux_2_17_x86_64.manylinux2014_x86_64.whl", hash = "sha256:a165b09e7d5f685bf659063334a9a7b1a2d57b531753d3e04bd442b3cfe5845b"},
    {file = "coverage-7.6.11-cp311-cp311-musllinux_1_2_i686.whl", hash = "sha256:ff136607689c1c87f43d24203b6d2055b42030f352d5176f9c8b204d4235ef27"},
    {file = "coverage-7.6.11-cp311-cp311-musllinux_1_2_x86_64.whl", hash = "sha256:050172741de03525290e67f0161ae5f7f387c88fca50d47fceb4724ceaa591d2"},
    {file = "coverage-7.6.11-cp311-cp311-win32.whl", hash = "sha256:27700d859be68e4fb2e7bf774cf49933dcac6f81a9bc4c13bd41735b8d26a53b"},
    {file = "coverage-7.6.11-cp311-cp311-win_amd64.whl", hash = "sha256:cd4839813b09ab1dd1be1bbc74f9a7787615f931f83952b6a9af1b2d3f708bf7"},
    {file = "coverage-7.6.11-cp312-cp312-macosx_10_13_x86_64.whl", hash = "sha256:dbb1a822fd858d9853333a7c95d4e70dde9a79e65893138ce32c2ec6457d7a36"},
    {file = "coverage-7.6.11-cp312-cp312-macosx_11_0_arm64.whl", hash = "sha256:61c834cbb80946d6ebfddd9b393a4c46bec92fcc0fa069321fcb8049117f76ea"},
    {file = "coverage-7.6.11-cp312-cp312-manylinux_2_5_i686.manylinux1_i686.manylinux_2_17_i686.manylinux2014_i686.whl", hash = "sha256:a46d56e99a31d858d6912d31ffa4ede6a325c86af13139539beefca10a1234ce"},
    {file = "coverage-7.6.11-cp312-cp312-manylinux_2_5_x86_64.manylinux1_x86_64.manylinux_2_17_x86_64.manylinux2014_x86_64.whl", hash = "sha256:5b48db06f53d1864fea6dbd855e6d51d41c0f06c212c3004511c0bdc6847b297"},
    {file = "coverage-7.6.11-cp312-cp312-musllinux_1_2_i686.whl", hash = "sha256:b6ff5be3b1853e0862da9d349fe87f869f68e63a25f7c37ce1130b321140f963"},
    {file = "coverage-7.6.11-cp312-cp312-musllinux_1_2_x86_64.whl", hash = "sha256:be05bde21d5e6eefbc3a6de6b9bee2b47894b8945342e8663192809c4d1f08ce"},
    {file = "coverage-7.6.11-cp312-cp312-win32.whl", hash = "sha256:e3b746fa0ffc5b6b8856529de487da8b9aeb4fb394bb58de6502ef45f3434f12"},
    {file = "coverage-7.6.11-cp312-cp312-win_amd64.whl", hash = "sha256:ac476e6d0128fb7919b3fae726de72b28b5c9644cb4b579e4a523d693187c551"},
    {file = "coverage-7.6.11-cp313-cp313-macosx_10_13_x86_64.whl", hash = "sha256:c86f4c7a6d1a54a24d804d9684d96e36a62d3ef7c0d7745ae2ea39e3e0293251"},
    {file = "coverage-7.6.11-cp313-cp313-macosx_11_0_arm64.whl", hash = "sha256:7eb0504bb307401fd08bc5163a351df301438b3beb88a4fa044681295bbefc67"},
    {file = "coverage-7.6.11-cp313-cp313-manylinux_2_17_aarch64.manylinux2014_aarch64.whl", hash = "sha256:ca95d40900cf614e07f00cee8c2fad0371df03ca4d7a80161d84be2ec132b7a4"},
    {file = "coverage-7.6.11-cp313-cp313-manylinux_2_5_i686.manylinux1_i686.manylinux_2_17_i686.manylinux2014_i686.whl", hash = "sha256:db4b1a69976b1b02acda15937538a1d3fe10b185f9d99920b17a740a0a102e06"},
    {file = "coverage-7.6.11-cp313-cp313-manylinux_2_5_x86_64.manylinux1_x86_64.manylinux_2_17_x86_64.manylinux2014_x86_64.whl", hash = "sha256:4cf96beb05d004e4c51cd846fcdf9eee9eb2681518524b66b2e7610507944c2f"},
    {file = "coverage-7.6.11-cp313-cp313-musllinux_1_2_aarch64.whl", hash = "sha256:08e5fb93576a6b054d3d326242af5ef93daaac9bb52bc25f12ccbc3fa94227cd"},
    {file = "coverage-7.6.11-cp313-cp313-musllinux_1_2_i686.whl", hash = "sha256:25575cd5a7d2acc46b42711e8aff826027c0e4f80fb38028a74f31ac22aae69d"},
    {file = "coverage-7.6.11-cp313-cp313-musllinux_1_2_x86_64.whl", hash = "sha256:8fa4fffd90ee92f62ff7404b4801b59e8ea8502e19c9bf2d3241ce745b52926c"},
    {file = "coverage-7.6.11-cp313-cp313-win32.whl", hash = "sha256:0d03c9452d9d1ccfe5d3a5df0427705022a49b356ac212d529762eaea5ef97b4"},
    {file = "coverage-7.6.11-cp313-cp313-win_amd64.whl", hash = "sha256:fd2fffc8ce8692ce540103dff26279d2af22d424516ddebe2d7e4d6dbb3816b2"},
    {file = "coverage-7.6.11-cp313-cp313t-macosx_10_13_x86_64.whl", hash = "sha256:5e7ac966ab110bd94ee844f2643f196d78fde1cd2450399116d3efdd706e19f5"},
    {file = "coverage-7.6.11-cp313-cp313t-macosx_11_0_arm64.whl", hash = "sha256:6ba27a0375c5ef4d2a7712f829265102decd5ff78b96d342ac2fa555742c4f4f"},
    {file = "coverage-7.6.11-cp313-cp313t-manylinux_2_17_aarch64.manylinux2014_aarch64.whl", hash = "sha256:e2778be4f574b39ec9dcd9e5e13644f770351ee0990a0ecd27e364aba95af89b"},
    {file = "coverage-7.6.11-cp313-cp313t-manylinux_2_5_i686.manylinux1_i686.manylinux_2_17_i686.manylinux2014_i686.whl", hash = "sha256:5edc16712187139ab635a2e644cc41fc239bc6d245b16124045743130455c652"},
    {file = "coverage-7.6.11-cp313-cp313t-manylinux_2_5_x86_64.manylinux1_x86_64.manylinux_2_17_x86_64.manylinux2014_x86_64.whl", hash = "sha256:df6ff122a0a10a30121d9f0cb3fbd03a6fe05861e4ec47adb9f25e9245aabc19"},
    {file = "coverage-7.6.11-cp313-cp313t-musllinux_1_2_aarch64.whl", hash = "sha256:ff562952f15eff27247a4c4b03e45ce8a82e3fb197de6a7c54080f9d4ba07845"},
    {file = "coverage-7.6.11-cp313-cp313t-musllinux_1_2_i686.whl", hash = "sha256:4f21e3617f48d683f30cf2a6c8b739c838e600cb1454fe6b2eb486ac2bce8fbd"},
    {file = "coverage-7.6.11-cp313-cp313t-musllinux_1_2_x86_64.whl", hash = "sha256:6d60577673ba48d8ae8e362e61fd4ad1a640293ffe8991d11c86f195479100b7"},
    {file = "coverage-7.6.11-cp313-cp313t-win32.whl", hash = "sha256:13100f98497086b359bf56fc035a762c674de8ef526daa389ac8932cb9bff1e0"},
    {file = "coverage-7.6.11-cp313-cp313t-win_amd64.whl", hash = "sha256:2c81e53782043b323bd34c7de711ed9b4673414eb517eaf35af92185b873839c"},
    {file = "coverage-7.6.11-cp39-cp39-macosx_10_9_x86_64.whl", hash = "sha256:ff52b4e2ac0080c96e506819586c4b16cdbf46724bda90d308a7330a73cc8521"},
    {file = "coverage-7.6.11-cp39-cp39-macosx_11_0_arm64.whl", hash = "sha256:f4679fcc9eb9004fdd1b00231ef1ec7167168071bebc4d66327e28c1979b4449"},
    {file = "coverage-7.6.11-cp39-cp39-manylinux_2_5_i686.manylinux1_i686.manylinux_2_17_i686.manylinux2014_i686.whl", hash = "sha256:90de4e9ca4489e823138bd13098af9ac8028cc029f33f60098b5c08c675c7bda"},
    {file = "coverage-7.6.11-cp39-cp39-manylinux_2_5_x86_64.manylinux1_x86_64.manylinux_2_17_x86_64.manylinux2014_x86_64.whl", hash = "sha256:6c96a142057d83ee993eaf71629ca3fb952cda8afa9a70af4132950c2bd3deb9"},
    {file = "coverage-7.6.11-cp39-cp39-musllinux_1_2_i686.whl", hash = "sha256:476f29a258b9cd153f2be5bf5f119d670d2806363595263917bddc167d6e5cce"},
    {file = "coverage-7.6.11-cp39-cp39-musllinux_1_2_x86_64.whl", hash = "sha256:09d03f48d9025b8a6a116cddcb6c7b8ce80e4fb4c31dd2e124a7c377036ad58e"},
    {file = "coverage-7.6.11-cp39-cp39-win32.whl", hash = "sha256:bb35ae9f134fbd9cf7302a9654d5a1e597c974202678082dcc569eb39a8cde03"},
    {file = "coverage-7.6.11-cp39-cp39-win_amd64.whl", hash = "sha256:f382004fa4c93c01016d9226b9d696a08c53f6818b7ad59b4e96cb67e863353a"},
    {file = "coverage-7.6.11-pp39.pp310-none-any.whl", hash = "sha256:adc2d941c0381edfcf3897f94b9f41b1e504902fab78a04b1677f2f72afead4b"},
    {file = "coverage-7.6.11-py3-none-any.whl", hash = "sha256:f0f334ae844675420164175bf32b04e18a81fe57ad8eb7e0cfd4689d681ffed7"},
    {file = "coverage-7.6.11.tar.gz", hash = "sha256:e642e6a46a04e992ebfdabed79e46f478ec60e2c528e1e1a074d63800eda4286"},
]

[package.dependencies]
tomli = {version = "*", optional = true, markers = "python_full_version <= \"3.11.0a6\" and extra == \"toml\""}

[package.extras]
toml = ["tomli"]

[[package]]
name = "dnspython"
version = "2.7.0"
description = "DNS toolkit"
optional = false
python-versions = ">=3.9"
files = [
    {file = "dnspython-2.7.0-py3-none-any.whl", hash = "sha256:b4c34b7d10b51bcc3a5071e7b8dee77939f1e878477eeecc965e9835f63c6c86"},
    {file = "dnspython-2.7.0.tar.gz", hash = "sha256:ce9c432eda0dc91cf618a5cedf1a4e142651196bbcd2c80e89ed5a907e5cfaf1"},
]

[package.extras]
dev = ["black (>=23.1.0)", "coverage (>=7.0)", "flake8 (>=7)", "hypercorn (>=0.16.0)", "mypy (>=1.8)", "pylint (>=3)", "pytest (>=7.4)", "pytest-cov (>=4.1.0)", "quart-trio (>=0.11.0)", "sphinx (>=7.2.0)", "sphinx-rtd-theme (>=2.0.0)", "twine (>=4.0.0)", "wheel (>=0.42.0)"]
dnssec = ["cryptography (>=43)"]
doh = ["h2 (>=4.1.0)", "httpcore (>=1.0.0)", "httpx (>=0.26.0)"]
doq = ["aioquic (>=1.0.0)"]
idna = ["idna (>=3.7)"]
trio = ["trio (>=0.23)"]
wmi = ["wmi (>=1.5.1)"]

[[package]]
name = "email-validator"
version = "2.2.0"
description = "A robust email address syntax and deliverability validation library."
optional = false
python-versions = ">=3.8"
files = [
    {file = "email_validator-2.2.0-py3-none-any.whl", hash = "sha256:561977c2d73ce3611850a06fa56b414621e0c8faa9d66f2611407d87465da631"},
    {file = "email_validator-2.2.0.tar.gz", hash = "sha256:cb690f344c617a714f22e66ae771445a1ceb46821152df8e165c5f9a364582b7"},
]

[package.dependencies]
dnspython = ">=2.0.0"
idna = ">=2.0.0"

[[package]]
name = "exceptiongroup"
version = "1.2.2"
description = "Backport of PEP 654 (exception groups)"
optional = false
python-versions = ">=3.7"
files = [
    {file = "exceptiongroup-1.2.2-py3-none-any.whl", hash = "sha256:3111b9d131c238bec2f8f516e123e14ba243563fb135d3fe885990585aa7795b"},
    {file = "exceptiongroup-1.2.2.tar.gz", hash = "sha256:47c2edf7c6738fafb49fd34290706d1a1a2f4d1c6df275526b62cbb4aa5393cc"},
]

[package.extras]
test = ["pytest (>=6)"]

[[package]]
name = "flake8"
version = "6.1.0"
description = "the modular source code checker: pep8 pyflakes and co"
optional = false
python-versions = ">=3.8.1"
files = [
    {file = "flake8-6.1.0-py2.py3-none-any.whl", hash = "sha256:ffdfce58ea94c6580c77888a86506937f9a1a227dfcd15f245d694ae20a6b6e5"},
    {file = "flake8-6.1.0.tar.gz", hash = "sha256:d5b3857f07c030bdb5bf41c7f53799571d75c4491748a3adcd47de929e34cd23"},
]

[package.dependencies]
mccabe = ">=0.7.0,<0.8.0"
pycodestyle = ">=2.11.0,<2.12.0"
pyflakes = ">=3.1.0,<3.2.0"

[[package]]
name = "idna"
version = "3.10"
description = "Internationalized Domain Names in Applications (IDNA)"
optional = false
python-versions = ">=3.6"
files = [
    {file = "idna-3.10-py3-none-any.whl", hash = "sha256:946d195a0d259cbba61165e88e65941f16e9b36ea6ddb97f00452bae8b1287d3"},
    {file = "idna-3.10.tar.gz", hash = "sha256:12f65c9b470abda6dc35cf8e63cc574b1c52b11df2c86030af0ac09b01b13ea9"},
]

[package.extras]
all = ["flake8 (>=7.1.1)", "mypy (>=1.11.2)", "pytest (>=8.3.2)", "ruff (>=0.6.2)"]

[[package]]
name = "iniconfig"
version = "2.0.0"
description = "brain-dead simple config-ini parsing"
optional = false
python-versions = ">=3.7"
files = [
    {file = "iniconfig-2.0.0-py3-none-any.whl", hash = "sha256:b6a85871a79d2e3b22d2d1b94ac2824226a63c6b741c88f7ae975f18b6778374"},
    {file = "iniconfig-2.0.0.tar.gz", hash = "sha256:2d91e135bf72d31a410b17c16da610a82cb55f6b0477d1a902134b24a455b8b3"},
]

[[package]]
name = "mccabe"
version = "0.7.0"
description = "McCabe checker, plugin for flake8"
optional = false
python-versions = ">=3.6"
files = [
    {file = "mccabe-0.7.0-py2.py3-none-any.whl", hash = "sha256:6c2d30ab6be0e4a46919781807b4f0d834ebdd6c6e3dca0bda5a15f863427b6e"},
    {file = "mccabe-0.7.0.tar.gz", hash = "sha256:348e0240c33b60bbdf4e523192ef919f28cb2c3d7d5c7794f74009290f236325"},
]

[[package]]
name = "mypy"
version = "1.15.0"
description = "Optional static typing for Python"
optional = false
python-versions = ">=3.9"
files = [
    {file = "mypy-1.15.0-cp310-cp310-macosx_10_9_x86_64.whl", hash = "sha256:979e4e1a006511dacf628e36fadfecbcc0160a8af6ca7dad2f5025529e082c13"},
    {file = "mypy-1.15.0-cp310-cp310-macosx_11_0_arm64.whl", hash = "sha256:c4bb0e1bd29f7d34efcccd71cf733580191e9a264a2202b0239da95984c5b559"},
    {file = "mypy-1.15.0-cp310-cp310-manylinux_2_17_aarch64.manylinux2014_aarch64.manylinux_2_28_aarch64.whl", hash = "sha256:be68172e9fd9ad8fb876c6389f16d1c1b5f100ffa779f77b1fb2176fcc9ab95b"},
    {file = "mypy-1.15.0-cp310-cp310-manylinux_2_17_x86_64.manylinux2014_x86_64.manylinux_2_28_x86_64.whl", hash = "sha256:c7be1e46525adfa0d97681432ee9fcd61a3964c2446795714699a998d193f1a3"},
    {file = "mypy-1.15.0-cp310-cp310-musllinux_1_2_x86_64.whl", hash = "sha256:2e2c2e6d3593f6451b18588848e66260ff62ccca522dd231cd4dd59b0160668b"},
    {file = "mypy-1.15.0-cp310-cp310-win_amd64.whl", hash = "sha256:6983aae8b2f653e098edb77f893f7b6aca69f6cffb19b2cc7443f23cce5f4828"},
    {file = "mypy-1.15.0-cp311-cp311-macosx_10_9_x86_64.whl", hash = "sha256:2922d42e16d6de288022e5ca321cd0618b238cfc5570e0263e5ba0a77dbef56f"},
    {file = "mypy-1.15.0-cp311-cp311-macosx_11_0_arm64.whl", hash = "sha256:2ee2d57e01a7c35de00f4634ba1bbf015185b219e4dc5909e281016df43f5ee5"},
    {file = "mypy-1.15.0-cp311-cp311-manylinux_2_17_aarch64.manylinux2014_aarch64.manylinux_2_28_aarch64.whl", hash = "sha256:973500e0774b85d9689715feeffcc980193086551110fd678ebe1f4342fb7c5e"},
    {file = "mypy-1.15.0-cp311-cp311-manylinux_2_17_x86_64.manylinux2014_x86_64.manylinux_2_28_x86_64.whl", hash = "sha256:5a95fb17c13e29d2d5195869262f8125dfdb5c134dc8d9a9d0aecf7525b10c2c"},
    {file = "mypy-1.15.0-cp311-cp311-musllinux_1_2_x86_64.whl", hash = "sha256:1905f494bfd7d85a23a88c5d97840888a7bd516545fc5aaedff0267e0bb54e2f"},
    {file = "mypy-1.15.0-cp311-cp311-win_amd64.whl", hash = "sha256:c9817fa23833ff189db061e6d2eff49b2f3b6ed9856b4a0a73046e41932d744f"},
    {file = "mypy-1.15.0-cp312-cp312-macosx_10_13_x86_64.whl", hash = "sha256:aea39e0583d05124836ea645f412e88a5c7d0fd77a6d694b60d9b6b2d9f184fd"},
    {file = "mypy-1.15.0-cp312-cp312-macosx_11_0_arm64.whl", hash = "sha256:2f2147ab812b75e5b5499b01ade1f4a81489a147c01585cda36019102538615f"},
    {file = "mypy-1.15.0-cp312-cp312-manylinux_2_17_aarch64.manylinux2014_aarch64.manylinux_2_28_aarch64.whl", hash = "sha256:ce436f4c6d218a070048ed6a44c0bbb10cd2cc5e272b29e7845f6a2f57ee4464"},
    {file = "mypy-1.15.0-cp312-cp312-manylinux_2_17_x86_64.manylinux2014_x86_64.manylinux_2_28_x86_64.whl", hash = "sha256:8023ff13985661b50a5928fc7a5ca15f3d1affb41e5f0a9952cb68ef090b31ee"},
    {file = "mypy-1.15.0-cp312-cp312-musllinux_1_2_x86_64.whl", hash = "sha256:1124a18bc11a6a62887e3e137f37f53fbae476dc36c185d549d4f837a2a6a14e"},
    {file = "mypy-1.15.0-cp312-cp312-win_amd64.whl", hash = "sha256:171a9ca9a40cd1843abeca0e405bc1940cd9b305eaeea2dda769ba096932bb22"},
    {file = "mypy-1.15.0-cp313-cp313-macosx_10_13_x86_64.whl", hash = "sha256:93faf3fdb04768d44bf28693293f3904bbb555d076b781ad2530214ee53e3445"},
    {file = "mypy-1.15.0-cp313-cp313-macosx_11_0_arm64.whl", hash = "sha256:811aeccadfb730024c5d3e326b2fbe9249bb7413553f15499a4050f7c30e801d"},
    {file = "mypy-1.15.0-cp313-cp313-manylinux_2_17_aarch64.manylinux2014_aarch64.manylinux_2_28_aarch64.whl", hash = "sha256:98b7b9b9aedb65fe628c62a6dc57f6d5088ef2dfca37903a7d9ee374d03acca5"},
    {file = "mypy-1.15.0-cp313-cp313-manylinux_2_17_x86_64.manylinux2014_x86_64.manylinux_2_28_x86_64.whl", hash = "sha256:c43a7682e24b4f576d93072216bf56eeff70d9140241f9edec0c104d0c515036"},
    {file = "mypy-1.15.0-cp313-cp313-musllinux_1_2_x86_64.whl", hash = "sha256:baefc32840a9f00babd83251560e0ae1573e2f9d1b067719479bfb0e987c6357"},
    {file = "mypy-1.15.0-cp313-cp313-win_amd64.whl", hash = "sha256:b9378e2c00146c44793c98b8d5a61039a048e31f429fb0eb546d93f4b000bedf"},
    {file = "mypy-1.15.0-cp39-cp39-macosx_10_9_x86_64.whl", hash = "sha256:e601a7fa172c2131bff456bb3ee08a88360760d0d2f8cbd7a75a65497e2df078"},
    {file = "mypy-1.15.0-cp39-cp39-macosx_11_0_arm64.whl", hash = "sha256:712e962a6357634fef20412699a3655c610110e01cdaa6180acec7fc9f8513ba"},
    {file = "mypy-1.15.0-cp39-cp39-manylinux_2_17_aarch64.manylinux2014_aarch64.manylinux_2_28_aarch64.whl", hash = "sha256:f95579473af29ab73a10bada2f9722856792a36ec5af5399b653aa28360290a5"},
    {file = "mypy-1.15.0-cp39-cp39-manylinux_2_17_x86_64.manylinux2014_x86_64.manylinux_2_28_x86_64.whl", hash = "sha256:8f8722560a14cde92fdb1e31597760dc35f9f5524cce17836c0d22841830fd5b"},
    {file = "mypy-1.15.0-cp39-cp39-musllinux_1_2_x86_64.whl", hash = "sha256:1fbb8da62dc352133d7d7ca90ed2fb0e9d42bb1a32724c287d3c76c58cbaa9c2"},
    {file = "mypy-1.15.0-cp39-cp39-win_amd64.whl", hash = "sha256:d10d994b41fb3497719bbf866f227b3489048ea4bbbb5015357db306249f7980"},
    {file = "mypy-1.15.0-py3-none-any.whl", hash = "sha256:5469affef548bd1895d86d3bf10ce2b44e33d86923c29e4d675b3e323437ea3e"},
    {file = "mypy-1.15.0.tar.gz", hash = "sha256:404534629d51d3efea5c800ee7c42b72a6554d6c400e6a79eafe15d11341fd43"},
]

[package.dependencies]
mypy_extensions = ">=1.0.0"
tomli = {version = ">=1.1.0", markers = "python_version < \"3.11\""}
typing_extensions = ">=4.6.0"

[package.extras]
dmypy = ["psutil (>=4.0)"]
faster-cache = ["orjson"]
install-types = ["pip"]
mypyc = ["setuptools (>=50)"]
reports = ["lxml"]

[[package]]
name = "mypy-extensions"
version = "1.0.0"
description = "Type system extensions for programs checked with the mypy type checker."
optional = false
python-versions = ">=3.5"
files = [
    {file = "mypy_extensions-1.0.0-py3-none-any.whl", hash = "sha256:4392f6c0eb8a5668a69e23d168ffa70f0be9ccfd32b5cc2d26a34ae5b844552d"},
    {file = "mypy_extensions-1.0.0.tar.gz", hash = "sha256:75dbf8955dc00442a438fc4d0666508a9a97b6bd41aa2f0ffe9d2f2725af0782"},
]

[[package]]
name = "packaging"
version = "24.2"
description = "Core utilities for Python packages"
optional = false
python-versions = ">=3.8"
files = [
    {file = "packaging-24.2-py3-none-any.whl", hash = "sha256:09abb1bccd265c01f4a3aa3f7a7db064b36514d2cba19a2f694fe6150451a759"},
    {file = "packaging-24.2.tar.gz", hash = "sha256:c228a6dc5e932d346bc5739379109d49e8853dd8223571c7c5b55260edc0b97f"},
]

[[package]]
name = "pathspec"
version = "0.12.1"
description = "Utility library for gitignore style pattern matching of file paths."
optional = false
python-versions = ">=3.8"
files = [
    {file = "pathspec-0.12.1-py3-none-any.whl", hash = "sha256:a0d503e138a4c123b27490a4f7beda6a01c6f288df0e4a8b79c7eb0dc7b4cc08"},
    {file = "pathspec-0.12.1.tar.gz", hash = "sha256:a482d51503a1ab33b1c67a6c3813a26953dbdc71c31dacaef9a838c4e29f5712"},
]

[[package]]
name = "platformdirs"
version = "4.3.6"
description = "A small Python package for determining appropriate platform-specific dirs, e.g. a `user data dir`."
optional = false
python-versions = ">=3.8"
files = [
    {file = "platformdirs-4.3.6-py3-none-any.whl", hash = "sha256:73e575e1408ab8103900836b97580d5307456908a03e92031bab39e4554cc3fb"},
    {file = "platformdirs-4.3.6.tar.gz", hash = "sha256:357fb2acbc885b0419afd3ce3ed34564c13c9b95c89360cd9563f73aa5e2b907"},
]

[package.extras]
docs = ["furo (>=2024.8.6)", "proselint (>=0.14)", "sphinx (>=8.0.2)", "sphinx-autodoc-typehints (>=2.4)"]
test = ["appdirs (==1.4.4)", "covdefaults (>=2.3)", "pytest (>=8.3.2)", "pytest-cov (>=5)", "pytest-mock (>=3.14)"]
type = ["mypy (>=1.11.2)"]

[[package]]
name = "pluggy"
version = "1.5.0"
description = "plugin and hook calling mechanisms for python"
optional = false
python-versions = ">=3.8"
files = [
    {file = "pluggy-1.5.0-py3-none-any.whl", hash = "sha256:44e1ad92c8ca002de6377e165f3e0f1be63266ab4d554740532335b9d75ea669"},
    {file = "pluggy-1.5.0.tar.gz", hash = "sha256:2cffa88e94fdc978c4c574f15f9e59b7f4201d439195c3715ca9e2486f1d0cf1"},
]

[package.extras]
dev = ["pre-commit", "tox"]
testing = ["pytest", "pytest-benchmark"]

[[package]]
name = "pycodestyle"
version = "2.11.1"
description = "Python style guide checker"
optional = false
python-versions = ">=3.8"
files = [
    {file = "pycodestyle-2.11.1-py2.py3-none-any.whl", hash = "sha256:44fe31000b2d866f2e41841b18528a505fbd7fef9017b04eff4e2648a0fadc67"},
    {file = "pycodestyle-2.11.1.tar.gz", hash = "sha256:41ba0e7afc9752dfb53ced5489e89f8186be00e599e712660695b7a75ff2663f"},
]

[[package]]
name = "pydantic"
version = "1.10.21"
description = "Data validation and settings management using python type hints"
optional = false
python-versions = ">=3.7"
files = [
    {file = "pydantic-1.10.21-cp310-cp310-macosx_10_9_x86_64.whl", hash = "sha256:245e486e0fec53ec2366df9cf1cba36e0bbf066af7cd9c974bbbd9ba10e1e586"},
    {file = "pydantic-1.10.21-cp310-cp310-macosx_11_0_arm64.whl", hash = "sha256:6c54f8d4c151c1de784c5b93dfbb872067e3414619e10e21e695f7bb84d1d1fd"},
    {file = "pydantic-1.10.21-cp310-cp310-manylinux_2_17_x86_64.manylinux2014_x86_64.whl", hash = "sha256:6b64708009cfabd9c2211295144ff455ec7ceb4c4fb45a07a804309598f36187"},
    {file = "pydantic-1.10.21-cp310-cp310-manylinux_2_5_i686.manylinux1_i686.manylinux_2_17_i686.manylinux2014_i686.whl", hash = "sha256:8a148410fa0e971ba333358d11a6dea7b48e063de127c2b09ece9d1c1137dde4"},
    {file = "pydantic-1.10.21-cp310-cp310-musllinux_1_2_i686.whl", hash = "sha256:36ceadef055af06e7756eb4b871cdc9e5a27bdc06a45c820cd94b443de019bbf"},
    {file = "pydantic-1.10.21-cp310-cp310-musllinux_1_2_x86_64.whl", hash = "sha256:c0501e1d12df6ab1211b8cad52d2f7b2cd81f8e8e776d39aa5e71e2998d0379f"},
    {file = "pydantic-1.10.21-cp310-cp310-win_amd64.whl", hash = "sha256:c261127c275d7bce50b26b26c7d8427dcb5c4803e840e913f8d9df3f99dca55f"},
    {file = "pydantic-1.10.21-cp311-cp311-macosx_10_9_x86_64.whl", hash = "sha256:8b6350b68566bb6b164fb06a3772e878887f3c857c46c0c534788081cb48adf4"},
    {file = "pydantic-1.10.21-cp311-cp311-macosx_11_0_arm64.whl", hash = "sha256:935b19fdcde236f4fbf691959fa5c3e2b6951fff132964e869e57c70f2ad1ba3"},
    {file = "pydantic-1.10.21-cp311-cp311-manylinux_2_17_x86_64.manylinux2014_x86_64.whl", hash = "sha256:2b6a04efdcd25486b27f24c1648d5adc1633ad8b4506d0e96e5367f075ed2e0b"},
    {file = "pydantic-1.10.21-cp311-cp311-manylinux_2_5_i686.manylinux1_i686.manylinux_2_17_i686.manylinux2014_i686.whl", hash = "sha256:c1ba253eb5af8d89864073e6ce8e6c8dec5f49920cff61f38f5c3383e38b1c9f"},
    {file = "pydantic-1.10.21-cp311-cp311-musllinux_1_2_i686.whl", hash = "sha256:57f0101e6c97b411f287a0b7cf5ebc4e5d3b18254bf926f45a11615d29475793"},
    {file = "pydantic-1.10.21-cp311-cp311-musllinux_1_2_x86_64.whl", hash = "sha256:90e85834f0370d737c77a386ce505c21b06bfe7086c1c568b70e15a568d9670d"},
    {file = "pydantic-1.10.21-cp311-cp311-win_amd64.whl", hash = "sha256:6a497bc66b3374b7d105763d1d3de76d949287bf28969bff4656206ab8a53aa9"},
    {file = "pydantic-1.10.21-cp312-cp312-macosx_10_13_x86_64.whl", hash = "sha256:2ed4a5f13cf160d64aa331ab9017af81f3481cd9fd0e49f1d707b57fe1b9f3ae"},
    {file = "pydantic-1.10.21-cp312-cp312-macosx_11_0_arm64.whl", hash = "sha256:3b7693bb6ed3fbe250e222f9415abb73111bb09b73ab90d2d4d53f6390e0ccc1"},
    {file = "pydantic-1.10.21-cp312-cp312-manylinux_2_17_x86_64.manylinux2014_x86_64.whl", hash = "sha256:185d5f1dff1fead51766da9b2de4f3dc3b8fca39e59383c273f34a6ae254e3e2"},
    {file = "pydantic-1.10.21-cp312-cp312-manylinux_2_5_i686.manylinux1_i686.manylinux_2_17_i686.manylinux2014_i686.whl", hash = "sha256:38e6d35cf7cd1727822c79e324fa0677e1a08c88a34f56695101f5ad4d5e20e5"},
    {file = "pydantic-1.10.21-cp312-cp312-musllinux_1_2_i686.whl", hash = "sha256:1d7c332685eafacb64a1a7645b409a166eb7537f23142d26895746f628a3149b"},
    {file = "pydantic-1.10.21-cp312-cp312-musllinux_1_2_x86_64.whl", hash = "sha256:2c9b782db6f993a36092480eeaab8ba0609f786041b01f39c7c52252bda6d85f"},
    {file = "pydantic-1.10.21-cp312-cp312-win_amd64.whl", hash = "sha256:7ce64d23d4e71d9698492479505674c5c5b92cda02b07c91dfc13633b2eef805"},
    {file = "pydantic-1.10.21-cp313-cp313-macosx_10_13_x86_64.whl", hash = "sha256:0067935d35044950be781933ab91b9a708eaff124bf860fa2f70aeb1c4be7212"},
    {file = "pydantic-1.10.21-cp313-cp313-macosx_11_0_arm64.whl", hash = "sha256:5e8148c2ce4894ce7e5a4925d9d3fdce429fb0e821b5a8783573f3611933a251"},
    {file = "pydantic-1.10.21-cp313-cp313-manylinux_2_17_x86_64.manylinux2014_x86_64.whl", hash = "sha256:a4973232c98b9b44c78b1233693e5e1938add5af18042f031737e1214455f9b8"},
    {file = "pydantic-1.10.21-cp313-cp313-manylinux_2_5_i686.manylinux1_i686.manylinux_2_17_i686.manylinux2014_i686.whl", hash = "sha256:662bf5ce3c9b1cef32a32a2f4debe00d2f4839fefbebe1d6956e681122a9c839"},
    {file = "pydantic-1.10.21-cp313-cp313-musllinux_1_2_i686.whl", hash = "sha256:98737c3ab5a2f8a85f2326eebcd214510f898881a290a7939a45ec294743c875"},
    {file = "pydantic-1.10.21-cp313-cp313-musllinux_1_2_x86_64.whl", hash = "sha256:0bb58bbe65a43483d49f66b6c8474424d551a3fbe8a7796c42da314bac712738"},
    {file = "pydantic-1.10.21-cp313-cp313-win_amd64.whl", hash = "sha256:e622314542fb48542c09c7bd1ac51d71c5632dd3c92dc82ede6da233f55f4848"},
    {file = "pydantic-1.10.21-cp37-cp37m-macosx_10_9_x86_64.whl", hash = "sha256:d356aa5b18ef5a24d8081f5c5beb67c0a2a6ff2a953ee38d65a2aa96526b274f"},
    {file = "pydantic-1.10.21-cp37-cp37m-manylinux_2_17_x86_64.manylinux2014_x86_64.whl", hash = "sha256:08caa8c0468172d27c669abfe9e7d96a8b1655ec0833753e117061febaaadef5"},
    {file = "pydantic-1.10.21-cp37-cp37m-manylinux_2_5_i686.manylinux1_i686.manylinux_2_17_i686.manylinux2014_i686.whl", hash = "sha256:c677aa39ec737fec932feb68e4a2abe142682f2885558402602cd9746a1c92e8"},
    {file = "pydantic-1.10.21-cp37-cp37m-musllinux_1_2_i686.whl", hash = "sha256:79577cc045d3442c4e845df53df9f9202546e2ba54954c057d253fc17cd16cb1"},
    {file = "pydantic-1.10.21-cp37-cp37m-musllinux_1_2_x86_64.whl", hash = "sha256:b6b73ab347284719f818acb14f7cd80696c6fdf1bd34feee1955d7a72d2e64ce"},
    {file = "pydantic-1.10.21-cp37-cp37m-win_amd64.whl", hash = "sha256:46cffa24891b06269e12f7e1ec50b73f0c9ab4ce71c2caa4ccf1fb36845e1ff7"},
    {file = "pydantic-1.10.21-cp38-cp38-macosx_10_9_x86_64.whl", hash = "sha256:298d6f765e3c9825dfa78f24c1efd29af91c3ab1b763e1fd26ae4d9e1749e5c8"},
    {file = "pydantic-1.10.21-cp38-cp38-macosx_11_0_arm64.whl", hash = "sha256:f2f4a2305f15eff68f874766d982114ac89468f1c2c0b97640e719cf1a078374"},
    {file = "pydantic-1.10.21-cp38-cp38-manylinux_2_17_x86_64.manylinux2014_x86_64.whl", hash = "sha256:35b263b60c519354afb3a60107d20470dd5250b3ce54c08753f6975c406d949b"},
    {file = "pydantic-1.10.21-cp38-cp38-manylinux_2_5_i686.manylinux1_i686.manylinux_2_17_i686.manylinux2014_i686.whl", hash = "sha256:e23a97a6c2f2db88995496db9387cd1727acdacc85835ba8619dce826c0b11a6"},
    {file = "pydantic-1.10.21-cp38-cp38-musllinux_1_2_i686.whl", hash = "sha256:3c96fed246ccc1acb2df032ff642459e4ae18b315ecbab4d95c95cfa292e8517"},
    {file = "pydantic-1.10.21-cp38-cp38-musllinux_1_2_x86_64.whl", hash = "sha256:b92893ebefc0151474f682e7debb6ab38552ce56a90e39a8834734c81f37c8a9"},
    {file = "pydantic-1.10.21-cp38-cp38-win_amd64.whl", hash = "sha256:b8460bc256bf0de821839aea6794bb38a4c0fbd48f949ea51093f6edce0be459"},
    {file = "pydantic-1.10.21-cp39-cp39-macosx_10_9_x86_64.whl", hash = "sha256:5d387940f0f1a0adb3c44481aa379122d06df8486cc8f652a7b3b0caf08435f7"},
    {file = "pydantic-1.10.21-cp39-cp39-macosx_11_0_arm64.whl", hash = "sha256:266ecfc384861d7b0b9c214788ddff75a2ea123aa756bcca6b2a1175edeca0fe"},
    {file = "pydantic-1.10.21-cp39-cp39-manylinux_2_17_x86_64.manylinux2014_x86_64.whl", hash = "sha256:61da798c05a06a362a2f8c5e3ff0341743e2818d0f530eaac0d6898f1b187f1f"},
    {file = "pydantic-1.10.21-cp39-cp39-manylinux_2_5_i686.manylinux1_i686.manylinux_2_17_i686.manylinux2014_i686.whl", hash = "sha256:a621742da75ce272d64ea57bd7651ee2a115fa67c0f11d66d9dcfc18c2f1b106"},
    {file = "pydantic-1.10.21-cp39-cp39-musllinux_1_2_i686.whl", hash = "sha256:9e3e4000cd54ef455694b8be9111ea20f66a686fc155feda1ecacf2322b115da"},
    {file = "pydantic-1.10.21-cp39-cp39-musllinux_1_2_x86_64.whl", hash = "sha256:f198c8206640f4c0ef5a76b779241efb1380a300d88b1bce9bfe95a6362e674d"},
    {file = "pydantic-1.10.21-cp39-cp39-win_amd64.whl", hash = "sha256:e7f0cda108b36a30c8fc882e4fc5b7eec8ef584aa43aa43694c6a7b274fb2b56"},
    {file = "pydantic-1.10.21-py3-none-any.whl", hash = "sha256:db70c920cba9d05c69ad4a9e7f8e9e83011abb2c6490e561de9ae24aee44925c"},
    {file = "pydantic-1.10.21.tar.gz", hash = "sha256:64b48e2b609a6c22178a56c408ee1215a7206077ecb8a193e2fda31858b2362a"},
]

[package.dependencies]
email-validator = {version = ">=1.0.3", optional = true, markers = "extra == \"email\""}
typing-extensions = ">=4.2.0"

[package.extras]
dotenv = ["python-dotenv (>=0.10.4)"]
email = ["email-validator (>=1.0.3)"]

[[package]]
name = "pyflakes"
version = "3.1.0"
description = "passive checker of Python programs"
optional = false
python-versions = ">=3.8"
files = [
    {file = "pyflakes-3.1.0-py2.py3-none-any.whl", hash = "sha256:4132f6d49cb4dae6819e5379898f2b8cce3c5f23994194c24b77d5da2e36f774"},
    {file = "pyflakes-3.1.0.tar.gz", hash = "sha256:a0aae034c444db0071aa077972ba4768d40c830d9539fd45bf4cd3f8f6992efc"},
]

[[package]]
name = "pytest"
version = "7.4.4"
description = "pytest: simple powerful testing with Python"
optional = false
python-versions = ">=3.7"
files = [
    {file = "pytest-7.4.4-py3-none-any.whl", hash = "sha256:b090cdf5ed60bf4c45261be03239c2c1c22df034fbffe691abe93cd80cea01d8"},
    {file = "pytest-7.4.4.tar.gz", hash = "sha256:2cf0005922c6ace4a3e2ec8b4080eb0d9753fdc93107415332f50ce9e7994280"},
]

[package.dependencies]
colorama = {version = "*", markers = "sys_platform == \"win32\""}
exceptiongroup = {version = ">=1.0.0rc8", markers = "python_version < \"3.11\""}
iniconfig = "*"
packaging = "*"
pluggy = ">=0.12,<2.0"
tomli = {version = ">=1.0.0", markers = "python_version < \"3.11\""}

[package.extras]
testing = ["argcomplete", "attrs (>=19.2.0)", "hypothesis (>=3.56)", "mock", "nose", "pygments (>=2.7.2)", "requests", "setuptools", "xmlschema"]

[[package]]
name = "pytest-cov"
version = "4.1.0"
description = "Pytest plugin for measuring coverage."
optional = false
python-versions = ">=3.7"
files = [
    {file = "pytest-cov-4.1.0.tar.gz", hash = "sha256:3904b13dfbfec47f003b8e77fd5b589cd11904a21ddf1ab38a64f204d6a10ef6"},
    {file = "pytest_cov-4.1.0-py3-none-any.whl", hash = "sha256:6ba70b9e97e69fcc3fb45bfeab2d0a138fb65c4d0d6a41ef33983ad114be8c3a"},
]

[package.dependencies]
coverage = {version = ">=5.2.1", extras = ["toml"]}
pytest = ">=4.6"

[package.extras]
testing = ["fields", "hunter", "process-tests", "pytest-xdist", "six", "virtualenv"]

[[package]]
name = "pytest-split"
version = "0.8.2"
description = "Pytest plugin which splits the test suite to equally sized sub suites based on test execution time."
optional = false
python-versions = ">=3.7.1,<4.0"
files = [
    {file = "pytest_split-0.8.2-py3-none-any.whl", hash = "sha256:b7fa704659cb224b9f7f5c24536bc04eff351f42d852bf0312e03774fd9c0972"},
    {file = "pytest_split-0.8.2.tar.gz", hash = "sha256:446f330e3607572027f3861058c27d9b3eaa80d83dc86675abe2978bbf50c02f"},
]

[package.dependencies]
pytest = ">=5,<9"

[[package]]
name = "reorder-python-imports"
version = "3.14.0"
description = "Tool for reordering python imports"
optional = false
python-versions = ">=3.8"
files = [
    {file = "reorder_python_imports-3.14.0-py2.py3-none-any.whl", hash = "sha256:5b0c4cdf1dbead8c415f96bebb93944fc7758b968132b5c56b610aeba0abf960"},
    {file = "reorder_python_imports-3.14.0.tar.gz", hash = "sha256:5fc3aea31cdd9dcf9de381c79bf14a03c1e3f792450e35b48325c56599b9e039"},
]

[package.dependencies]
classify-imports = ">=4.1"

[[package]]
name = "tomli"
version = "2.2.1"
description = "A lil' TOML parser"
optional = false
python-versions = ">=3.8"
files = [
    {file = "tomli-2.2.1-cp311-cp311-macosx_10_9_x86_64.whl", hash = "sha256:678e4fa69e4575eb77d103de3df8a895e1591b48e740211bd1067378c69e8249"},
    {file = "tomli-2.2.1-cp311-cp311-macosx_11_0_arm64.whl", hash = "sha256:023aa114dd824ade0100497eb2318602af309e5a55595f76b626d6d9f3b7b0a6"},
    {file = "tomli-2.2.1-cp311-cp311-manylinux_2_17_aarch64.manylinux2014_aarch64.whl", hash = "sha256:ece47d672db52ac607a3d9599a9d48dcb2f2f735c6c2d1f34130085bb12b112a"},
    {file = "tomli-2.2.1-cp311-cp311-manylinux_2_17_x86_64.manylinux2014_x86_64.whl", hash = "sha256:6972ca9c9cc9f0acaa56a8ca1ff51e7af152a9f87fb64623e31d5c83700080ee"},
    {file = "tomli-2.2.1-cp311-cp311-manylinux_2_5_i686.manylinux1_i686.manylinux_2_17_i686.manylinux2014_i686.whl", hash = "sha256:c954d2250168d28797dd4e3ac5cf812a406cd5a92674ee4c8f123c889786aa8e"},
    {file = "tomli-2.2.1-cp311-cp311-musllinux_1_2_aarch64.whl", hash = "sha256:8dd28b3e155b80f4d54beb40a441d366adcfe740969820caf156c019fb5c7ec4"},
    {file = "tomli-2.2.1-cp311-cp311-musllinux_1_2_i686.whl", hash = "sha256:e59e304978767a54663af13c07b3d1af22ddee3bb2fb0618ca1593e4f593a106"},
    {file = "tomli-2.2.1-cp311-cp311-musllinux_1_2_x86_64.whl", hash = "sha256:33580bccab0338d00994d7f16f4c4ec25b776af3ffaac1ed74e0b3fc95e885a8"},
    {file = "tomli-2.2.1-cp311-cp311-win32.whl", hash = "sha256:465af0e0875402f1d226519c9904f37254b3045fc5084697cefb9bdde1ff99ff"},
    {file = "tomli-2.2.1-cp311-cp311-win_amd64.whl", hash = "sha256:2d0f2fdd22b02c6d81637a3c95f8cd77f995846af7414c5c4b8d0545afa1bc4b"},
    {file = "tomli-2.2.1-cp312-cp312-macosx_10_13_x86_64.whl", hash = "sha256:4a8f6e44de52d5e6c657c9fe83b562f5f4256d8ebbfe4ff922c495620a7f6cea"},
    {file = "tomli-2.2.1-cp312-cp312-macosx_11_0_arm64.whl", hash = "sha256:8d57ca8095a641b8237d5b079147646153d22552f1c637fd3ba7f4b0b29167a8"},
    {file = "tomli-2.2.1-cp312-cp312-manylinux_2_17_aarch64.manylinux2014_aarch64.whl", hash = "sha256:4e340144ad7ae1533cb897d406382b4b6fede8890a03738ff1683af800d54192"},
    {file = "tomli-2.2.1-cp312-cp312-manylinux_2_17_x86_64.manylinux2014_x86_64.whl", hash = "sha256:db2b95f9de79181805df90bedc5a5ab4c165e6ec3fe99f970d0e302f384ad222"},
    {file = "tomli-2.2.1-cp312-cp312-manylinux_2_5_i686.manylinux1_i686.manylinux_2_17_i686.manylinux2014_i686.whl", hash = "sha256:40741994320b232529c802f8bc86da4e1aa9f413db394617b9a256ae0f9a7f77"},
    {file = "tomli-2.2.1-cp312-cp312-musllinux_1_2_aarch64.whl", hash = "sha256:400e720fe168c0f8521520190686ef8ef033fb19fc493da09779e592861b78c6"},
    {file = "tomli-2.2.1-cp312-cp312-musllinux_1_2_i686.whl", hash = "sha256:02abe224de6ae62c19f090f68da4e27b10af2b93213d36cf44e6e1c5abd19fdd"},
    {file = "tomli-2.2.1-cp312-cp312-musllinux_1_2_x86_64.whl", hash = "sha256:b82ebccc8c8a36f2094e969560a1b836758481f3dc360ce9a3277c65f374285e"},
    {file = "tomli-2.2.1-cp312-cp312-win32.whl", hash = "sha256:889f80ef92701b9dbb224e49ec87c645ce5df3fa2cc548664eb8a25e03127a98"},
    {file = "tomli-2.2.1-cp312-cp312-win_amd64.whl", hash = "sha256:7fc04e92e1d624a4a63c76474610238576942d6b8950a2d7f908a340494e67e4"},
    {file = "tomli-2.2.1-cp313-cp313-macosx_10_13_x86_64.whl", hash = "sha256:f4039b9cbc3048b2416cc57ab3bda989a6fcf9b36cf8937f01a6e731b64f80d7"},
    {file = "tomli-2.2.1-cp313-cp313-macosx_11_0_arm64.whl", hash = "sha256:286f0ca2ffeeb5b9bd4fcc8d6c330534323ec51b2f52da063b11c502da16f30c"},
    {file = "tomli-2.2.1-cp313-cp313-manylinux_2_17_aarch64.manylinux2014_aarch64.whl", hash = "sha256:a92ef1a44547e894e2a17d24e7557a5e85a9e1d0048b0b5e7541f76c5032cb13"},
    {file = "tomli-2.2.1-cp313-cp313-manylinux_2_17_x86_64.manylinux2014_x86_64.whl", hash = "sha256:9316dc65bed1684c9a98ee68759ceaed29d229e985297003e494aa825ebb0281"},
    {file = "tomli-2.2.1-cp313-cp313-manylinux_2_5_i686.manylinux1_i686.manylinux_2_17_i686.manylinux2014_i686.whl", hash = "sha256:e85e99945e688e32d5a35c1ff38ed0b3f41f43fad8df0bdf79f72b2ba7bc5272"},
    {file = "tomli-2.2.1-cp313-cp313-musllinux_1_2_aarch64.whl", hash = "sha256:ac065718db92ca818f8d6141b5f66369833d4a80a9d74435a268c52bdfa73140"},
    {file = "tomli-2.2.1-cp313-cp313-musllinux_1_2_i686.whl", hash = "sha256:d920f33822747519673ee656a4b6ac33e382eca9d331c87770faa3eef562aeb2"},
    {file = "tomli-2.2.1-cp313-cp313-musllinux_1_2_x86_64.whl", hash = "sha256:a198f10c4d1b1375d7687bc25294306e551bf1abfa4eace6650070a5c1ae2744"},
    {file = "tomli-2.2.1-cp313-cp313-win32.whl", hash = "sha256:d3f5614314d758649ab2ab3a62d4f2004c825922f9e370b29416484086b264ec"},
    {file = "tomli-2.2.1-cp313-cp313-win_amd64.whl", hash = "sha256:a38aa0308e754b0e3c67e344754dff64999ff9b513e691d0e786265c93583c69"},
    {file = "tomli-2.2.1-py3-none-any.whl", hash = "sha256:cb55c73c5f4408779d0cf3eef9f762b9c9f147a77de7b258bef0a5628adc85cc"},
    {file = "tomli-2.2.1.tar.gz", hash = "sha256:cd45e1dc79c835ce60f7404ec8119f2eb06d38b1deba146f07ced3bbc44505ff"},
]

[[package]]
name = "typing-extensions"
version = "4.12.2"
description = "Backported and Experimental Type Hints for Python 3.8+"
optional = false
python-versions = ">=3.8"
files = [
    {file = "typing_extensions-4.12.2-py3-none-any.whl", hash = "sha256:04e5ca0351e0f3f85c6853954072df659d0d13fac324d0072316b67d7794700d"},
    {file = "typing_extensions-4.12.2.tar.gz", hash = "sha256:1a7ead55c7e559dd4dee8856e3a88b41225abfe1ce8df57b7c13915fe121ffb8"},
]

[metadata]
lock-version = "2.0"
python-versions = "^3.10"
content-hash = "c8abdf8e9beafd7d1c893f838e1776653afb17ca2c65be5f32cb22a60cf783ab"
